<?xml version="1.0" encoding="utf-8"?>
<Project ToolsVersion="4.0" xmlns="http://schemas.microsoft.com/developer/msbuild/2003">
  <ItemGroup>
    <Filter Include="Business">
      <UniqueIdentifier>{9aeeea86-563c-4fe7-9af6-cdc0782d676a}</UniqueIdentifier>
    </Filter>
    <Filter Include="Business\Source">
      <UniqueIdentifier>{dbc6f24e-5fe3-41db-94da-61c95c9e5cdb}</UniqueIdentifier>
    </Filter>
    <Filter Include="Business\Header">
      <UniqueIdentifier>{47d90059-d0bc-46ea-b166-a1f360f370cd}</UniqueIdentifier>
    </Filter>
    <Filter Include="UI">
      <UniqueIdentifier>{10897082-f1bd-426e-8a83-c4996bf490d8}</UniqueIdentifier>
    </Filter>
    <Filter Include="UI\Header">
      <UniqueIdentifier>{990a7cda-10b7-42b3-b1ad-b8b5f0090f44}</UniqueIdentifier>
    </Filter>
    <Filter Include="UI\Source">
      <UniqueIdentifier>{61a823d3-b1a4-49c2-85df-94833b2b73b0}</UniqueIdentifier>
    </Filter>
    <Filter Include="IO">
      <UniqueIdentifier>{1229ccc8-50a5-4e3c-9158-c7289e2bf3a1}</UniqueIdentifier>
    </Filter>
    <Filter Include="IO\Header">
      <UniqueIdentifier>{f689470e-3410-4e63-907e-86768e437edd}</UniqueIdentifier>
    </Filter>
    <Filter Include="IO\Source">
      <UniqueIdentifier>{92f10553-33c0-4f44-9a30-ad41b527aaf5}</UniqueIdentifier>
    </Filter>
    <Filter Include="Common">
      <UniqueIdentifier>{a43528ca-4a25-4863-ad87-780add6115fa}</UniqueIdentifier>
    </Filter>
    <Filter Include="Common\Header">
      <UniqueIdentifier>{4a30c66b-d56f-4009-92cd-221b10b4a82b}</UniqueIdentifier>
    </Filter>
    <Filter Include="Common\Source">
      <UniqueIdentifier>{60904674-7d8c-4b61-8727-66ebe95e8f14}</UniqueIdentifier>
    </Filter>
  </ItemGroup>
  <ItemGroup>
    <ClCompile Include="UI\Source\ConsoleUI.cpp">
      <Filter>UI\Source</Filter>
    </ClCompile>
    <ClCompile Include="IO\Source\DiskIO.cpp">
      <Filter>IO\Source</Filter>
    </ClCompile>
    <ClCompile Include="Common\Source\Transition.cpp">
      <Filter>Common\Source</Filter>
    </ClCompile>
    <ClCompile Include="Common\Source\TuringMachineState.cpp">
      <Filter>Common\Source</Filter>
    </ClCompile>
    <ClCompile Include="Business\Source\TuringMachine.cpp">
      <Filter>Business\Source</Filter>
    </ClCompile>
  </ItemGroup>
  <ItemGroup>
    <ClInclude Include="UI\Header\ConsoleUI.hpp">
      <Filter>UI\Header</Filter>
    </ClInclude>
    <ClInclude Include="IO\Header\DiskIO.hpp">
      <Filter>IO\Header</Filter>
    </ClInclude>
    <ClInclude Include="Common\Header\State.hpp">
      <Filter>Common\Header</Filter>
    </ClInclude>
    <ClInclude Include="Common\Header\HeadDirection.hpp">
      <Filter>Common\Header</Filter>
    </ClInclude>
    <ClInclude Include="Common\Header\MachineType.hpp">
      <Filter>Common\Header</Filter>
    </ClInclude>
    <ClInclude Include="Common\Header\Transition.hpp">
      <Filter>Common\Header</Filter>
    </ClInclude>
    <ClInclude Include="Common\Header\TuringMachineDefinition.hpp">
      <Filter>Common\Header</Filter>
    </ClInclude>
    <ClInclude Include="Business\Header\TuringMachine.hpp">
      <Filter>Business\Header</Filter>
    </ClInclude>
  </ItemGroup>
</Project>