<?xml version="1.0" encoding="utf-8"?>
<Project ToolsVersion="4.0" xmlns="http://schemas.microsoft.com/developer/msbuild/2003">
  <ItemGroup>
    <Filter Include="Common">
      <UniqueIdentifier>{57f83666-4a97-4696-9c68-d519c369fe75}</UniqueIdentifier>
    </Filter>
    <Filter Include="Common\Header">
      <UniqueIdentifier>{0381cfcf-b285-494f-b7e9-ad2ee39d26d7}</UniqueIdentifier>
    </Filter>
    <Filter Include="Common\Source">
      <UniqueIdentifier>{bd4e2677-3940-428a-b240-d9e59abb5577}</UniqueIdentifier>
    </Filter>
    <Filter Include="IO">
      <UniqueIdentifier>{75cce7e0-f4e3-401f-b461-3792287e9ed2}</UniqueIdentifier>
    </Filter>
    <Filter Include="IO\TestFiles">
      <UniqueIdentifier>{4bc9daa1-bb78-4301-8e5a-6742866d2a0a}</UniqueIdentifier>
    </Filter>
    <Filter Include="IO\Header">
      <UniqueIdentifier>{68608a56-722e-495e-a39b-15df72fdd5f8}</UniqueIdentifier>
    </Filter>
    <Filter Include="IO\Sources">
      <UniqueIdentifier>{170262ef-4d40-4884-93ad-eeaade5a5a1a}</UniqueIdentifier>
    </Filter>
  </ItemGroup>
  <ItemGroup>
    <ClCompile Include="Common\Source\CommonTests.cpp">
      <Filter>Common\Source</Filter>
    </ClCompile>
    <ClCompile Include="IO\Source\IOTests.cpp">
      <Filter>IO\Sources</Filter>
    </ClCompile>
    <ClCompile Include="TestsMain.cpp" />
  </ItemGroup>
  <ItemGroup>
    <None Include="IO\TestFiles\parseTest1.csv">
      <Filter>IO\TestFiles</Filter>
    </None>
    <None Include="IO\TestFiles\parseTest2.csv">
      <Filter>IO\TestFiles</Filter>
    </None>
    <None Include="IO\TestFiles\parseTest3.csv">
      <Filter>IO\TestFiles</Filter>
    </None>
  </ItemGroup>
</Project>