<?xml version="1.0" encoding="utf-8"?>
<Project ToolsVersion="4.0" xmlns="http://schemas.microsoft.com/developer/msbuild/2003">
  <ItemGroup>
    <Filter Include="Common">
      <UniqueIdentifier>{57f83666-4a97-4696-9c68-d519c369fe75}</UniqueIdentifier>
    </Filter>
    <Filter Include="Common\Header">
      <UniqueIdentifier>{0381cfcf-b285-494f-b7e9-ad2ee39d26d7}</UniqueIdentifier>
    </Filter>
    <Filter Include="Common\Source">
      <UniqueIdentifier>{bd4e2677-3940-428a-b240-d9e59abb5577}</UniqueIdentifier>
    </Filter>
    <Filter Include="IO">
      <UniqueIdentifier>{75cce7e0-f4e3-401f-b461-3792287e9ed2}</UniqueIdentifier>
    </Filter>
    <Filter Include="IO\TestFiles">
      <UniqueIdentifier>{4bc9daa1-bb78-4301-8e5a-6742866d2a0a}</UniqueIdentifier>
    </Filter>
    <Filter Include="IO\Header">
      <UniqueIdentifier>{68608a56-722e-495e-a39b-15df72fdd5f8}</UniqueIdentifier>
    </Filter>
    <Filter Include="IO\Sources">
      <UniqueIdentifier>{170262ef-4d40-4884-93ad-eeaade5a5a1a}</UniqueIdentifier>
    </Filter>
    <Filter Include="Business">
      <UniqueIdentifier>{67b0f819-f17e-4f9a-8357-f03ea0e34989}</UniqueIdentifier>
    </Filter>
    <Filter Include="Business\Sources">
      <UniqueIdentifier>{75bb35d8-bdfb-4196-9500-01a27e81c69c}</UniqueIdentifier>
    </Filter>
    <Filter Include="Business\Header">
      <UniqueIdentifier>{a0189b0d-378e-4c67-9892-4ec5207a5034}</UniqueIdentifier>
    </Filter>
  </ItemGroup>
  <ItemGroup>
    <ClCompile Include="Common\Source\CommonTests.cpp">
      <Filter>Common\Source</Filter>
    </ClCompile>
    <ClCompile Include="IO\Source\IOTests.cpp">
      <Filter>IO\Sources</Filter>
    </ClCompile>
    <ClCompile Include="TestsMain.cpp" />
    <ClCompile Include="Business\Source\BusinessTests.cpp">
      <Filter>Business\Sources</Filter>
    </ClCompile>
    <ClCompile Include="Common\Source\DummyMachineUserInterface.cpp">
      <Filter>Common\Source</Filter>
    </ClCompile>
    <ClCompile Include="IO\Source\ErrorTests.cpp">
      <Filter>IO\Sources</Filter>
    </ClCompile>
    <ClCompile Include="Business\Source\VerifyTMDTests.cpp">
      <Filter>Business\Sources</Filter>
    </ClCompile>
    <ClCompile Include="IO\Source\SavingTests.cpp">
      <Filter>IO\Sources</Filter>
    </ClCompile>
    <ClCompile Include="IO\Source\StateMachineTests.cpp">
      <Filter>IO\Sources</Filter>
    </ClCompile>
  </ItemGroup>
  <ItemGroup>
    <None Include="IO\TestFiles\parseTest1.csv">
      <Filter>IO\TestFiles</Filter>
    </None>
    <None Include="IO\TestFiles\parseTest2.csv">
      <Filter>IO\TestFiles</Filter>
    </None>
    <None Include="IO\TestFiles\parseTest3.csv">
      <Filter>IO\TestFiles</Filter>
    </None>
    <None Include="IO\TestFiles\bin.tmsim">
      <Filter>IO\TestFiles</Filter>
    </None>
    <None Include="IO\TestFiles\parseTest4.csv">
      <Filter>IO\TestFiles</Filter>
    </None>
    <None Include="IO\TestFiles\parseFail1.csv">
      <Filter>IO\TestFiles</Filter>
    </None>
    <None Include="IO\TestFiles\parseFail2.csv">
      <Filter>IO\TestFiles</Filter>
    </None>
    <None Include="IO\TestFiles\parseFail3.csv">
      <Filter>IO\TestFiles</Filter>
    </None>
    <None Include="IO\TestFiles\parseFail4.csv">
      <Filter>IO\TestFiles</Filter>
    </None>
    <None Include="IO\TestFiles\parseFail5.csv">
      <Filter>IO\TestFiles</Filter>
    </None>
    <None Include="IO\TestFiles\parseTest5.csv">
      <Filter>IO\TestFiles</Filter>
    </None>
    <None Include="IO\TestFiles\VerifyTMDTest1.csv">
      <Filter>IO\TestFiles</Filter>
    </None>
    <None Include="IO\TestFiles\VerifyTMDTest2.csv">
      <Filter>IO\TestFiles</Filter>
    </None>
    <None Include="IO\TestFiles\VerifyTMDTest3.csv">
      <Filter>IO\TestFiles</Filter>
    </None>
    <None Include="IO\TestFiles\VerifyTMDTest4.csv">
      <Filter>IO\TestFiles</Filter>
    </None>
    <None Include="IO\TestFiles\VerifyTMDTest5.csv">
      <Filter>IO\TestFiles</Filter>
    </None>
    <None Include="IO\TestFiles\VerifyTMDTest6.csv">
      <Filter>IO\TestFiles</Filter>
    </None>
    <None Include="IO\TestFiles\VerifyTMDTest7.csv">
      <Filter>IO\TestFiles</Filter>
    </None>
    <None Include="IO\TestFiles\VerifyTMDTest8.csv">
      <Filter>IO\TestFiles</Filter>
    </None>
    <None Include="IO\TestFiles\VerifyTMDTest9.csv">
      <Filter>IO\TestFiles</Filter>
    </None>
    <None Include="IO\TestFiles\binV1.tmsim">
      <Filter>IO\TestFiles</Filter>
    </None>
    <None Include="IO\TestFiles\parseFail6.csv">
      <Filter>IO\TestFiles</Filter>
    </None>
    <None Include="IO\TestFiles\parseFail7.csv">
      <Filter>IO\TestFiles</Filter>
    </None>
  </ItemGroup>
  <ItemGroup>
    <ClInclude Include="Common\Header\DummyMachineUserInterface.hpp">
      <Filter>Common\Header</Filter>
    </ClInclude>
  </ItemGroup>
</Project>