<?xml version="1.0" encoding="utf-8"?>
<Project ToolsVersion="4.0" xmlns="http://schemas.microsoft.com/developer/msbuild/2003">
  <ItemGroup>
    <Filter Include="UI">
      <UniqueIdentifier>{834ea4db-cea7-40d8-80f0-a18ada618eb9}</UniqueIdentifier>
    </Filter>
    <Filter Include="UI\Header">
      <UniqueIdentifier>{ea69460c-f3ba-415c-82cb-ac06dc8d61d6}</UniqueIdentifier>
    </Filter>
    <Filter Include="UI\Sources">
      <UniqueIdentifier>{b31e70c3-ecf4-41b9-80e3-348d0dac521a}</UniqueIdentifier>
    </Filter>
  </ItemGroup>
  <ItemGroup>
    <ClInclude Include="UI\Header\Localization.hpp">
      <Filter>UI\Header</Filter>
    </ClInclude>
    <ClInclude Include="UI\Header\Result.hpp">
      <Filter>UI\Header</Filter>
    </ClInclude>
  </ItemGroup>
  <ItemGroup>
    <ClCompile Include="UI\Sources\Localization.cpp">
      <Filter>UI\Sources</Filter>
    </ClCompile>
  </ItemGroup>
</Project>